
Microsoft Visual Studio Solution File, Format Version 12.00
# Visual Studio Version 17
VisualStudioVersion = 17.5.33502.453
MinimumVisualStudioVersion = 10.0.40219.1
Project("{FAE04EC0-301F-11D3-BF4B-00C04F79EFBC}") = "Gts.AuthorizationServer", "Gts.AuthorizationServer\Gts.AuthorizationServer.csproj", "{BD8BF1F2-CCD4-47A7-8160-543BE77BC433}"
EndProject
Global
	GlobalSection(SolutionConfigurationPlatforms) = preSolution
		Debug|Any CPU = Debug|Any CPU
		Release|Any CPU = Release|Any CPU
	EndGlobalSection
	GlobalSection(ProjectConfigurationPlatforms) = postSolution
		{BD8BF1F2-CCD4-47A7-8160-543BE77BC433}.Debug|Any CPU.ActiveCfg = Debug|Any CPU
		{BD8BF1F2-CCD4-47A7-8160-543BE77BC433}.Debug|Any CPU.Build.0 = Debug|Any CPU
		{BD8BF1F2-CCD4-47A7-8160-543BE77BC433}.Release|Any CPU.ActiveCfg = Release|Any CPU
		{BD8BF1F2-CCD4-47A7-8160-543BE77BC433}.Release|Any CPU.Build.0 = Release|Any CPU
	EndGlobalSection
	GlobalSection(SolutionProperties) = preSolution
		HideSolutionNode = FALSE
	EndGlobalSection
	GlobalSection(ExtensibilityGlobals) = postSolution
		SolutionGuid = {55F0CDA9-F18D-4347-B2CA-BDF0BF214036}
	EndGlobalSection
EndGlobal
